
Microsoft Visual Studio Solution File, Format Version 12.00
# Visual Studio Version 16
VisualStudioVersion = 16.0.30104.148
MinimumVisualStudioVersion = 10.0.40219.1
Project("{FAE04EC0-301F-11D3-BF4B-00C04F79EFBC}") = "Main.App", "Main.App\Main.App.csproj", "{6CE9A2AD-A3D9-4B70-927A-7DB51E0846D6}"
EndProject
Global
	GlobalSection(SolutionConfigurationPlatforms) = preSolution
		Debug|Any CPU = Debug|Any CPU
		Release|Any CPU = Release|Any CPU
	EndGlobalSection
	GlobalSection(ProjectConfigurationPlatforms) = postSolution
		{6CE9A2AD-A3D9-4B70-927A-7DB51E0846D6}.Debug|Any CPU.ActiveCfg = Debug|Any CPU
		{6CE9A2AD-A3D9-4B70-927A-7DB51E0846D6}.Debug|Any CPU.Build.0 = Debug|Any CPU
		{6CE9A2AD-A3D9-4B70-927A-7DB51E0846D6}.Release|Any CPU.ActiveCfg = Release|Any CPU
		{6CE9A2AD-A3D9-4B70-927A-7DB51E0846D6}.Release|Any CPU.Build.0 = Release|Any CPU
	EndGlobalSection
	GlobalSection(SolutionProperties) = preSolution
		HideSolutionNode = FALSE
	EndGlobalSection
	GlobalSection(ExtensibilityGlobals) = postSolution
		SolutionGuid = {FE5BF4D0-944F-4244-A10D-1BEC65947190}
	EndGlobalSection
EndGlobal
